// !$*UTF8*$!
{
	archiveVersion = 1;
	classes = {
	};
	objectVersion = 50;
	objects = {

/* Begin PBXBuildFile section */
		4598FE9922527291000658A0 /* AppDelegate.swift in Sources */ = {isa = PBXBuildFile; fileRef = 4598FE9822527291000658A0 /* AppDelegate.swift */; };
		4598FE9B22527291000658A0 /* GameScene.sks in Resources */ = {isa = PBXBuildFile; fileRef = 4598FE9A22527291000658A0 /* GameScene.sks */; };
		4598FE9D22527291000658A0 /* Actions.sks in Resources */ = {isa = PBXBuildFile; fileRef = 4598FE9C22527291000658A0 /* Actions.sks */; };
		4598FE9F22527291000658A0 /* GameScene.swift in Sources */ = {isa = PBXBuildFile; fileRef = 4598FE9E22527291000658A0 /* GameScene.swift */; };
		4598FEA122527291000658A0 /* GameViewController.swift in Sources */ = {isa = PBXBuildFile; fileRef = 4598FEA022527291000658A0 /* GameViewController.swift */; };
		4598FEA422527291000658A0 /* Main.storyboard in Resources */ = {isa = PBXBuildFile; fileRef = 4598FEA222527291000658A0 /* Main.storyboard */; };
		4598FEA622527292000658A0 /* Assets.xcassets in Resources */ = {isa = PBXBuildFile; fileRef = 4598FEA522527292000658A0 /* Assets.xcassets */; };
		4598FEA922527292000658A0 /* LaunchScreen.storyboard in Resources */ = {isa = PBXBuildFile; fileRef = 4598FEA722527292000658A0 /* LaunchScreen.storyboard */; };
/* End PBXBuildFile section */

/* Begin PBXFileReference section */
		4598FE9522527291000658A0 /* Breakout3.app */ = {isa = PBXFileReference; explicitFileType = wrapper.application; includeInIndex = 0; path = Breakout3.app; sourceTree = BUILT_PRODUCTS_DIR; };
		4598FE9822527291000658A0 /* AppDelegate.swift */ = {isa = PBXFileReference; lastKnownFileType = sourcecode.swift; path = AppDelegate.swift; sourceTree = "<group>"; };
		4598FE9A22527291000658A0 /* GameScene.sks */ = {isa = PBXFileReference; lastKnownFileType = file.sks; path = GameScene.sks; sourceTree = "<group>"; };
		4598FE9C22527291000658A0 /* Actions.sks */ = {isa = PBXFileReference; lastKnownFileType = file.sks; path = Actions.sks; sourceTree = "<group>"; };
		4598FE9E22527291000658A0 /* GameScene.swift */ = {isa = PBXFileReference; lastKnownFileType = sourcecode.swift; path = GameScene.swift; sourceTree = "<group>"; };
		4598FEA022527291000658A0 /* GameViewController.swift */ = {isa = PBXFileReference; lastKnownFileType = sourcecode.swift; path = GameViewController.swift; sourceTree = "<group>"; };
		4598FEA322527291000658A0 /* Base */ = {isa = PBXFileReference; lastKnownFileType = file.storyboard; name = Base; path = Base.lproj/Main.storyboard; sourceTree = "<group>"; };
		4598FEA522527292000658A0 /* Assets.xcassets */ = {isa = PBXFileReference; lastKnownFileType = folder.assetcatalog; path = Assets.xcassets; sourceTree = "<group>"; };
		4598FEA822527292000658A0 /* Base */ = {isa = PBXFileReference; lastKnownFileType = file.storyboard; name = Base; path = Base.lproj/LaunchScreen.storyboard; sourceTree = "<group>"; };
		4598FEAA22527292000658A0 /* Info.plist */ = {isa = PBXFileReference; lastKnownFileType = text.plist.xml; path = Info.plist; sourceTree = "<group>"; };
/* End PBXFileReference section */

/* Begin PBXFrameworksBuildPhase section */
		4598FE9222527291000658A0 /* Frameworks */ = {
			isa = PBXFrameworksBuildPhase;
			buildActionMask = 2147483647;
			files = (
			);
			runOnlyForDeploymentPostprocessing = 0;
		};
/* End PBXFrameworksBuildPhase section */

/* Begin PBXGroup section */
		4598FE8C22527291000658A0 = {
			isa = PBXGroup;
			children = (
				4598FE9722527291000658A0 /* Breakout3 */,
				4598FE9622527291000658A0 /* Products */,
			);
			sourceTree = "<group>";
		};
		4598FE9622527291000658A0 /* Products */ = {
			isa = PBXGroup;
			children = (
				4598FE9522527291000658A0 /* Breakout3.app */,
			);
			name = Products;
			sourceTree = "<group>";
		};
		4598FE9722527291000658A0 /* Breakout3 */ = {
			isa = PBXGroup;
			children = (
				4598FE9822527291000658A0 /* AppDelegate.swift */,
				4598FE9A22527291000658A0 /* GameScene.sks */,
				4598FE9C22527291000658A0 /* Actions.sks */,
				4598FE9E22527291000658A0 /* GameScene.swift */,
				4598FEA022527291000658A0 /* GameViewController.swift */,
				4598FEA222527291000658A0 /* Main.storyboard */,
				4598FEA522527292000658A0 /* Assets.xcassets */,
				4598FEA722527292000658A0 /* LaunchScreen.storyboard */,
				4598FEAA22527292000658A0 /* Info.plist */,
			);
			path = Breakout3;
			sourceTree = "<group>";
		};
/* End PBXGroup section */

/* Begin PBXNativeTarget section */
		4598FE9422527291000658A0 /* Breakout3 */ = {
			isa = PBXNativeTarget;
			buildConfigurationList = 4598FEAD22527292000658A0 /* Build configuration list for PBXNativeTarget "Breakout3" */;
			buildPhases = (
				4598FE9122527291000658A0 /* Sources */,
				4598FE9222527291000658A0 /* Frameworks */,
				4598FE9322527291000658A0 /* Resources */,
			);
			buildRules = (
			);
			dependencies = (
			);
			name = Breakout3;
			productName = Breakout3;
			productReference = 4598FE9522527291000658A0 /* Breakout3.app */;
			productType = "com.apple.product-type.application";
		};
/* End PBXNativeTarget section */

/* Begin PBXProject section */
		4598FE8D22527291000658A0 /* Project object */ = {
			isa = PBXProject;
			attributes = {
				LastSwiftUpdateCheck = 1020;
				LastUpgradeCheck = 1020;
				ORGANIZATIONNAME = "zamin ahmed";
				TargetAttributes = {
					4598FE9422527291000658A0 = {
						CreatedOnToolsVersion = 10.2;
					};
				};
			};
			buildConfigurationList = 4598FE9022527291000658A0 /* Build configuration list for PBXProject "Breakout3" */;
			compatibilityVersion = "Xcode 9.3";
			developmentRegion = en;
			hasScannedForEncodings = 0;
			knownRegions = (
				en,
				Base,
			);
			mainGroup = 4598FE8C22527291000658A0;
			productRefGroup = 4598FE9622527291000658A0 /* Products */;
			projectDirPath = "";
			projectRoot = "";
			targets = (
				4598FE9422527291000658A0 /* Breakout3 */,
			);
		};
/* End PBXProject section */

/* Begin PBXResourcesBuildPhase section */
		4598FE9322527291000658A0 /* Resources */ = {
			isa = PBXResourcesBuildPhase;
			buildActionMask = 2147483647;
			files = (
				4598FEA422527291000658A0 /* Main.storyboard in Resources */,
				4598FE9B22527291000658A0 /* GameScene.sks in Resources */,
				4598FEA622527292000658A0 /* Assets.xcassets in Resources */,
				4598FEA922527292000658A0 /* LaunchScreen.storyboard in Resources */,
				4598FE9D22527291000658A0 /* Actions.sks in Resources */,
			);
			runOnlyForDeploymentPostprocessing = 0;
		};
/* End PBXResourcesBuildPhase section */

/* Begin PBXSourcesBuildPhase section */
		4598FE9122527291000658A0 /* Sources */ = {
			isa = PBXSourcesBuildPhase;
			buildActionMask = 2147483647;
			files = (
				4598FE9F22527291000658A0 /* GameScene.swift in Sources */,
				4598FEA122527291000658A0 /* GameViewController.swift in Sources */,
				4598FE9922527291000658A0 /* AppDelegate.swift in Sources */,
			);
			runOnlyForDeploymentPostprocessing = 0;
		};
/* End PBXSourcesBuildPhase section */

/* Begin PBXVariantGroup section */
		4598FEA222527291000658A0 /* Main.storyboard */ = {
			isa = PBXVariantGroup;
			children = (
				4598FEA322527291000658A0 /* Base */,
			);
			name = Main.storyboard;
			sourceTree = "<group>";
		};
		4598FEA722527292000658A0 /* LaunchScreen.storyboard */ = {
			isa = PBXVariantGroup;
			children = (
				4598FEA822527292000658A0 /* Base */,
			);
			name = LaunchScreen.storyboard;
			sourceTree = "<group>";
		};
/* End PBXVariantGroup section */

/* Begin XCBuildConfiguration section */
		4598FEAB22527292000658A0 /* Debug */ = {
			isa = XCBuildConfiguration;
			buildSettings = {
				ALWAYS_SEARCH_USER_PATHS = NO;
				CLANG_ANALYZER_NONNULL = YES;
				CLANG_ANALYZER_NUMBER_OBJECT_CONVERSION = YES_AGGRESSIVE;
				CLANG_CXX_LANGUAGE_STANDARD = "gnu++14";
				CLANG_CXX_LIBRARY = "libc++";
				CLANG_ENABLE_MODULES = YES;
				CLANG_ENABLE_OBJC_ARC = YES;
				CLANG_ENABLE_OBJC_WEAK = YES;
				CLANG_WARN_BLOCK_CAPTURE_AUTORELEASING = YES;
				CLANG_WARN_BOOL_CONVERSION = YES;
				CLANG_WARN_COMMA = YES;
				CLANG_WARN_CONSTANT_CONVERSION = YES;
				CLANG_WARN_DEPRECATED_OBJC_IMPLEMENTATIONS = YES;
				CLANG_WARN_DIRECT_OBJC_ISA_USAGE = YES_ERROR;
				CLANG_WARN_DOCUMENTATION_COMMENTS = YES;
				CLANG_WARN_EMPTY_BODY = YES;
				CLANG_WARN_ENUM_CONVERSION = YES;
				CLANG_WARN_INFINITE_RECURSION = YES;
				CLANG_WARN_INT_CONVERSION = YES;
				CLANG_WARN_NON_LITERAL_NULL_CONVERSION = YES;
				CLANG_WARN_OBJC_IMPLICIT_RETAIN_SELF = YES;
				CLANG_WARN_OBJC_LITERAL_CONVERSION = YES;
				CLANG_WARN_OBJC_ROOT_CLASS = YES_ERROR;
				CLANG_WARN_RANGE_LOOP_ANALYSIS = YES;
				CLANG_WARN_STRICT_PROTOTYPES = YES;
				CLANG_WARN_SUSPICIOUS_MOVE = YES;
				CLANG_WARN_UNGUARDED_AVAILABILITY = YES_AGGRESSIVE;
				CLANG_WARN_UNREACHABLE_CODE = YES;
				CLANG_WARN__DUPLICATE_METHOD_MATCH = YES;
				CODE_SIGN_IDENTITY = "iPhone Developer";
				COPY_PHASE_STRIP = NO;
				DEBUG_INFORMATION_FORMAT = dwarf;
				ENABLE_STRICT_OBJC_MSGSEND = YES;
				ENABLE_TESTABILITY = YES;
				GCC_C_LANGUAGE_STANDARD = gnu11;
				GCC_DYNAMIC_NO_PIC = NO;
				GCC_NO_COMMON_BLOCKS = YES;
				GCC_OPTIMIZATION_LEVEL = 0;
				GCC_PREPROCESSOR_DEFINITIONS = (
					"DEBUG=1",
					"$(inherited)",
				);
				GCC_WARN_64_TO_32_BIT_CONVERSION = YES;
				GCC_WARN_ABOUT_RETURN_TYPE = YES_ERROR;
				GCC_WARN_UNDECLARED_SELECTOR = YES;
				GCC_WARN_UNINITIALIZED_AUTOS = YES_AGGRESSIVE;
				GCC_WARN_UNUSED_FUNCTION = YES;
				GCC_WARN_UNUSED_VARIABLE = YES;
				IPHONEOS_DEPLOYMENT_TARGET = 12.2;
				MTL_ENABLE_DEBUG_INFO = INCLUDE_SOURCE;
				MTL_FAST_MATH = YES;
				ONLY_ACTIVE_ARCH = YES;
				SDKROOT = iphoneos;
				SWIFT_ACTIVE_COMPILATION_CONDITIONS = DEBUG;
				SWIFT_OPTIMIZATION_LEVEL = "-Onone";
			};
			name = Debug;
		};
		4598FEAC22527292000658A0 /* Release */ = {
			isa = XCBuildConfiguration;
			buildSettings = {
				ALWAYS_SEARCH_USER_PATHS = NO;
				CLANG_ANALYZER_NONNULL = YES;
				CLANG_ANALYZER_NUMBER_OBJECT_CONVERSION = YES_AGGRESSIVE;
				CLANG_CXX_LANGUAGE_STANDARD = "gnu++14";
				CLANG_CXX_LIBRARY = "libc++";
				CLANG_ENABLE_MODULES = YES;
				CLANG_ENABLE_OBJC_ARC = YES;
				CLANG_ENABLE_OBJC_WEAK = YES;
				CLANG_WARN_BLOCK_CAPTURE_AUTORELEASING = YES;
				CLANG_WARN_BOOL_CONVERSION = YES;
				CLANG_WARN_COMMA = YES;
				CLANG_WARN_CONSTANT_CONVERSION = YES;
				CLANG_WARN_DEPRECATED_OBJC_IMPLEMENTATIONS = YES;
				CLANG_WARN_DIRECT_OBJC_ISA_USAGE = YES_ERROR;
				CLANG_WARN_DOCUMENTATION_COMMENTS = YES;
				CLANG_WARN_EMPTY_BODY = YES;
				CLANG_WARN_ENUM_CONVERSION = YES;
				CLANG_WARN_INFINITE_RECURSION = YES;
				CLANG_WARN_INT_CONVERSION = YES;
				CLANG_WARN_NON_LITERAL_NULL_CONVERSION = YES;
				CLANG_WARN_OBJC_IMPLICIT_RETAIN_SELF = YES;
				CLANG_WARN_OBJC_LITERAL_CONVERSION = YES;
				CLANG_WARN_OBJC_ROOT_CLASS = YES_ERROR;
				CLANG_WARN_RANGE_LOOP_ANALYSIS = YES;
				CLANG_WARN_STRICT_PROTOTYPES = YES;
				CLANG_WARN_SUSPICIOUS_MOVE = YES;
				CLANG_WARN_UNGUARDED_AVAILABILITY = YES_AGGRESSIVE;
				CLANG_WARN_UNREACHABLE_CODE = YES;
				CLANG_WARN__DUPLICATE_METHOD_MATCH = YES;
				CODE_SIGN_IDENTITY = "iPhone Developer";
				COPY_PHASE_STRIP = NO;
				DEBUG_INFORMATION_FORMAT = "dwarf-with-dsym";
				ENABLE_NS_ASSERTIONS = NO;
				ENABLE_STRICT_OBJC_MSGSEND = YES;
				GCC_C_LANGUAGE_STANDARD = gnu11;
				GCC_NO_COMMON_BLOCKS = YES;
				GCC_WARN_64_TO_32_BIT_CONVERSION = YES;
				GCC_WARN_ABOUT_RETURN_TYPE = YES_ERROR;
				GCC_WARN_UNDECLARED_SELECTOR = YES;
				GCC_WARN_UNINITIALIZED_AUTOS = YES_AGGRESSIVE;
				GCC_WARN_UNUSED_FUNCTION = YES;
				GCC_WARN_UNUSED_VARIABLE = YES;
				IPHONEOS_DEPLOYMENT_TARGET = 12.2;
				MTL_ENABLE_DEBUG_INFO = NO;
				MTL_FAST_MATH = YES;
				SDKROOT = iphoneos;
				SWIFT_COMPILATION_MODE = wholemodule;
				SWIFT_OPTIMIZATION_LEVEL = "-O";
				VALIDATE_PRODUCT = YES;
			};
			name = Release;
		};
		4598FEAE22527292000658A0 /* Debug */ = {
			isa = XCBuildConfiguration;
			buildSettings = {
				ASSETCATALOG_COMPILER_APPICON_NAME = AppIcon;
				CODE_SIGN_STYLE = Automatic;
				DEVELOPMENT_TEAM = ZHKPBUFBGX;
				INFOPLIST_FILE = Breakout3/Info.plist;
				LD_RUNPATH_SEARCH_PATHS = (
					"$(inherited)",
					"@executable_path/Frameworks",
				);
				PRODUCT_BUNDLE_IDENTIFIER = applicationz.org.Breakout3;
				PRODUCT_NAME = "$(TARGET_NAME)";
				SWIFT_VERSION = 5.0;
				TARGETED_DEVICE_FAMILY = "1,2";
			};
			name = Debug;
		};
		4598FEAF22527292000658A0 /* Release */ = {
			isa = XCBuildConfiguration;
			buildSettings = {
				ASSETCATALOG_COMPILER_APPICON_NAME = AppIcon;
				CODE_SIGN_STYLE = Automatic;
				DEVELOPMENT_TEAM = ZHKPBUFBGX;
				INFOPLIST_FILE = Breakout3/Info.plist;
				LD_RUNPATH_SEARCH_PATHS = (
					"$(inherited)",
					"@executable_path/Frameworks",
				);
				PRODUCT_BUNDLE_IDENTIFIER = applicationz.org.Breakout3;
				PRODUCT_NAME = "$(TARGET_NAME)";
				SWIFT_VERSION = 5.0;
				TARGETED_DEVICE_FAMILY = "1,2";
			};
			name = Release;
		};
/* End XCBuildConfiguration section */

/* Begin XCConfigurationList section */
		4598FE9022527291000658A0 /* Build configuration list for PBXProject "Breakout3" */ = {
			isa = XCConfigurationList;
			buildConfigurations = (
				4598FEAB22527292000658A0 /* Debug */,
				4598FEAC22527292000658A0 /* Release */,
			);
			defaultConfigurationIsVisible = 0;
			defaultConfigurationName = Release;
		};
		4598FEAD22527292000658A0 /* Build configuration list for PBXNativeTarget "Breakout3" */ = {
			isa = XCConfigurationList;
			buildConfigurations = (
				4598FEAE22527292000658A0 /* Debug */,
				4598FEAF22527292000658A0 /* Release */,
			);
			defaultConfigurationIsVisible = 0;
			defaultConfigurationName = Release;
		};
/* End XCConfigurationList section */
	};
	rootObject = 4598FE8D22527291000658A0 /* Project object */;
}
